
Microsoft Visual Studio Solution File, Format Version 11.00
# Visual Studio 2010
Project("{FAE04EC0-301F-11D3-BF4B-00C04F79EFBC}") = "HyperStamper", "HyperStamper\HyperStamper.csproj", "{197E2076-5B19-4C56-BC32-7289A4BF3DCC}"
EndProject
Project("{2150E333-8FDC-42A3-9474-1A3956D46DE8}") = "Solution Items", "Solution Items", "{CED3E126-889C-4560-BFE3-46431119319C}"
EndProject
Global
	GlobalSection(TestCaseManagementSettings) = postSolution
		CategoryFile = HyperStamper.vsmdi
	EndGlobalSection
	GlobalSection(SolutionConfigurationPlatforms) = preSolution
		Debug|Any CPU = Debug|Any CPU
		Debug|Mixed Platforms = Debug|Mixed Platforms
		Debug|x86 = Debug|x86
		Release|Any CPU = Release|Any CPU
		Release|Mixed Platforms = Release|Mixed Platforms
		Release|x86 = Release|x86
	EndGlobalSection
	GlobalSection(ProjectConfigurationPlatforms) = postSolution
		{197E2076-5B19-4C56-BC32-7289A4BF3DCC}.Debug|Any CPU.ActiveCfg = Debug|x86
		{197E2076-5B19-4C56-BC32-7289A4BF3DCC}.Debug|Mixed Platforms.ActiveCfg = Debug|x86
		{197E2076-5B19-4C56-BC32-7289A4BF3DCC}.Debug|Mixed Platforms.Build.0 = Debug|x86
		{197E2076-5B19-4C56-BC32-7289A4BF3DCC}.Debug|x86.ActiveCfg = Debug|x86
		{197E2076-5B19-4C56-BC32-7289A4BF3DCC}.Debug|x86.Build.0 = Debug|x86
		{197E2076-5B19-4C56-BC32-7289A4BF3DCC}.Release|Any CPU.ActiveCfg = Release|x86
		{197E2076-5B19-4C56-BC32-7289A4BF3DCC}.Release|Mixed Platforms.ActiveCfg = Release|x86
		{197E2076-5B19-4C56-BC32-7289A4BF3DCC}.Release|Mixed Platforms.Build.0 = Release|x86
		{197E2076-5B19-4C56-BC32-7289A4BF3DCC}.Release|x86.ActiveCfg = Release|x86
		{197E2076-5B19-4C56-BC32-7289A4BF3DCC}.Release|x86.Build.0 = Release|x86
	EndGlobalSection
	GlobalSection(SolutionProperties) = preSolution
		HideSolutionNode = FALSE
	EndGlobalSection
EndGlobal
